
Microsoft Visual Studio Solution File, Format Version 12.00
# Visual Studio Version 16
VisualStudioVersion = 16.0.28803.352
MinimumVisualStudioVersion = 10.0.40219.1
Project("{2150E333-8FDC-42A3-9474-1A3956D46DE8}") = "Solution Items", "Solution Items", "{DE9ECA6D-3497-4565-A718-EBBADDDCF2DF}"
	ProjectSection(SolutionItems) = preProject
		.editorconfig = .editorconfig
		.gitattributes = .gitattributes
		.gitignore = .gitignore
	EndProjectSection
EndProject
Project("{FAE04EC0-301F-11D3-BF4B-00C04F79EFBC}") = "SimpleAccounting", "src\SimpleAccounting\SimpleAccounting.csproj", "{976604F7-86B8-407E-A9B2-592E376D7006}"
EndProject
Project("{FAE04EC0-301F-11D3-BF4B-00C04F79EFBC}") = "SimpleAccounting.UnitTests", "tests\SimpleAccounting.UnitTests\SimpleAccounting.UnitTests.csproj", "{E77B3647-FBC9-4138-A0D5-C9165EF45417}"
EndProject
Global
	GlobalSection(SolutionConfigurationPlatforms) = preSolution
		Debug|Any CPU = Debug|Any CPU
		Release|Any CPU = Release|Any CPU
	EndGlobalSection
	GlobalSection(ProjectConfigurationPlatforms) = postSolution
		{976604F7-86B8-407E-A9B2-592E376D7006}.Debug|Any CPU.ActiveCfg = Debug|Any CPU
		{976604F7-86B8-407E-A9B2-592E376D7006}.Debug|Any CPU.Build.0 = Debug|Any CPU
		{976604F7-86B8-407E-A9B2-592E376D7006}.Release|Any CPU.ActiveCfg = Release|Any CPU
		{976604F7-86B8-407E-A9B2-592E376D7006}.Release|Any CPU.Build.0 = Release|Any CPU
		{E77B3647-FBC9-4138-A0D5-C9165EF45417}.Debug|Any CPU.ActiveCfg = Debug|Any CPU
		{E77B3647-FBC9-4138-A0D5-C9165EF45417}.Debug|Any CPU.Build.0 = Debug|Any CPU
		{E77B3647-FBC9-4138-A0D5-C9165EF45417}.Release|Any CPU.ActiveCfg = Release|Any CPU
		{E77B3647-FBC9-4138-A0D5-C9165EF45417}.Release|Any CPU.Build.0 = Release|Any CPU
	EndGlobalSection
	GlobalSection(SolutionProperties) = preSolution
		HideSolutionNode = FALSE
	EndGlobalSection
	GlobalSection(ExtensibilityGlobals) = postSolution
		SolutionGuid = {62844EF8-76D5-4F6B-85A3-9E80E71E4482}
	EndGlobalSection
EndGlobal
