
Microsoft Visual Studio Solution File, Format Version 12.00
# Visual Studio Version 16
VisualStudioVersion = 16.0.28803.352
MinimumVisualStudioVersion = 10.0.40219.1
Project("{2150E333-8FDC-42A3-9474-1A3956D46DE8}") = "Solution Items", "Solution Items", "{DE9ECA6D-3497-4565-A718-EBBADDDCF2DF}"
	ProjectSection(SolutionItems) = preProject
		.editorconfig = .editorconfig
		.gitattributes = .gitattributes
		.gitignore = .gitignore
		.sonarlint\lg2de_simpleaccountingcsharp.ruleset = .sonarlint\lg2de_simpleaccountingcsharp.ruleset
		LICENSE = LICENSE
		nuget.config = nuget.config
		PatchVersion.ps1 = PatchVersion.ps1
		README.md = README.md
		SimpleAccounting.sln.DotSettings = SimpleAccounting.sln.DotSettings
		.github\workflows\dotnetcore.yml = .github\workflows\dotnetcore.yml
	EndProjectSection
EndProject
Project("{9A19103F-16F7-4668-BE54-9A1E7A4F7556}") = "SimpleAccounting", "src\SimpleAccounting\SimpleAccounting.csproj", "{976604F7-86B8-407E-A9B2-592E376D7006}"
EndProject
Project("{9A19103F-16F7-4668-BE54-9A1E7A4F7556}") = "SimpleAccounting.UnitTests", "tests\SimpleAccounting.UnitTests\SimpleAccounting.UnitTests.csproj", "{E77B3647-FBC9-4138-A0D5-C9165EF45417}"
EndProject
Project("{9A19103F-16F7-4668-BE54-9A1E7A4F7556}") = "SimpleAccounting.IntegrationTests", "tests\SimpleAccounting.IntegrationTests\SimpleAccounting.IntegrationTests.csproj", "{507F5D29-96C7-48C2-966C-58342D08A4A7}"
EndProject
Project("{2150E333-8FDC-42A3-9474-1A3956D46DE8}") = "samples", "samples", "{3F74D64E-D629-4AC0-A60B-29ED0C265896}"
	ProjectSection(SolutionItems) = preProject
		samples\MainView.png = samples\MainView.png
		README.md = README.md
		samples\sample.acml = samples\sample.acml
		samples\sample.csv = samples\sample.csv
		samples\TotalsAndBalancesReport.png = samples\TotalsAndBalancesReport.png
	EndProjectSection
EndProject
Project("{2150E333-8FDC-42A3-9474-1A3956D46DE8}") = "src", "src", "{88F13815-196C-4F7F-B54A-A345656DD866}"
	ProjectSection(SolutionItems) = preProject
		src\Directory.Build.props = src\Directory.Build.props
	EndProjectSection
EndProject
Project("{2150E333-8FDC-42A3-9474-1A3956D46DE8}") = "tests", "tests", "{BF2618D8-BC1B-4127-8DCF-85A493C04BF8}"
	ProjectSection(SolutionItems) = preProject
		tests\Directory.Build.props = tests\Directory.Build.props
	EndProjectSection
EndProject
Global
	GlobalSection(SolutionConfigurationPlatforms) = preSolution
		Debug|Any CPU = Debug|Any CPU
		Release|Any CPU = Release|Any CPU
	EndGlobalSection
	GlobalSection(ProjectConfigurationPlatforms) = postSolution
		{976604F7-86B8-407E-A9B2-592E376D7006}.Debug|Any CPU.ActiveCfg = Debug|Any CPU
		{976604F7-86B8-407E-A9B2-592E376D7006}.Debug|Any CPU.Build.0 = Debug|Any CPU
		{976604F7-86B8-407E-A9B2-592E376D7006}.Release|Any CPU.ActiveCfg = Release|Any CPU
		{976604F7-86B8-407E-A9B2-592E376D7006}.Release|Any CPU.Build.0 = Release|Any CPU
		{E77B3647-FBC9-4138-A0D5-C9165EF45417}.Debug|Any CPU.ActiveCfg = Debug|Any CPU
		{E77B3647-FBC9-4138-A0D5-C9165EF45417}.Debug|Any CPU.Build.0 = Debug|Any CPU
		{E77B3647-FBC9-4138-A0D5-C9165EF45417}.Release|Any CPU.ActiveCfg = Release|Any CPU
		{E77B3647-FBC9-4138-A0D5-C9165EF45417}.Release|Any CPU.Build.0 = Release|Any CPU
		{507F5D29-96C7-48C2-966C-58342D08A4A7}.Debug|Any CPU.ActiveCfg = Debug|Any CPU
		{507F5D29-96C7-48C2-966C-58342D08A4A7}.Debug|Any CPU.Build.0 = Debug|Any CPU
		{507F5D29-96C7-48C2-966C-58342D08A4A7}.Release|Any CPU.ActiveCfg = Release|Any CPU
		{507F5D29-96C7-48C2-966C-58342D08A4A7}.Release|Any CPU.Build.0 = Release|Any CPU
	EndGlobalSection
	GlobalSection(SolutionProperties) = preSolution
		HideSolutionNode = FALSE
	EndGlobalSection
	GlobalSection(ExtensibilityGlobals) = postSolution
		SolutionGuid = {62844EF8-76D5-4F6B-85A3-9E80E71E4482}
	EndGlobalSection
	GlobalSection(NestedProjects) = preSolution
		{976604F7-86B8-407E-A9B2-592E376D7006} = {88F13815-196C-4F7F-B54A-A345656DD866}
		{507F5D29-96C7-48C2-966C-58342D08A4A7} = {BF2618D8-BC1B-4127-8DCF-85A493C04BF8}
		{E77B3647-FBC9-4138-A0D5-C9165EF45417} = {BF2618D8-BC1B-4127-8DCF-85A493C04BF8}
	EndGlobalSection
EndGlobal
